
Microsoft Visual Studio Solution File, Format Version 12.00
# Visual Studio Version 16
VisualStudioVersion = 16.0.29306.81
MinimumVisualStudioVersion = 10.0.40219.1
Project("{888888A0-9F3D-457C-B088-3A5042F75D52}") = "MNA_LAB_1", "MNA_LAB_1.pyproj", "{35F7D5C9-FDC9-4CC8-B159-C4C0B77E5B38}"
EndProject
Global
	GlobalSection(SolutionConfigurationPlatforms) = preSolution
		Debug|Any CPU = Debug|Any CPU
		Release|Any CPU = Release|Any CPU
	EndGlobalSection
	GlobalSection(ProjectConfigurationPlatforms) = postSolution
		{35F7D5C9-FDC9-4CC8-B159-C4C0B77E5B38}.Debug|Any CPU.ActiveCfg = Debug|Any CPU
		{35F7D5C9-FDC9-4CC8-B159-C4C0B77E5B38}.Release|Any CPU.ActiveCfg = Release|Any CPU
	EndGlobalSection
	GlobalSection(SolutionProperties) = preSolution
		HideSolutionNode = FALSE
	EndGlobalSection
	GlobalSection(ExtensibilityGlobals) = postSolution
		SolutionGuid = {C2831F59-2E3A-4DC2-A419-58F34734D828}
	EndGlobalSection
EndGlobal
